
Microsoft Visual Studio Solution File, Format Version 12.00
# Visual Studio Version 16
VisualStudioVersion = 16.0.31515.178
MinimumVisualStudioVersion = 10.0.40219.1
Project("{2150E333-8FDC-42A3-9474-1A3956D46DE8}") = "Hosts", "Hosts", "{FCB5DF1E-5F2A-4F2A-8A31-4B8DE9CE686C}"
EndProject
Project("{FAE04EC0-301F-11D3-BF4B-00C04F79EFBC}") = "RestaurantOrder.Web", "Hosts\RestaurantOrder.Web\RestaurantOrder.Web.csproj", "{1E5C3B6A-DEF1-4972-872A-8834C8B375A1}"
EndProject
Global
	GlobalSection(SolutionConfigurationPlatforms) = preSolution
		Debug|Any CPU = Debug|Any CPU
		Release|Any CPU = Release|Any CPU
	EndGlobalSection
	GlobalSection(ProjectConfigurationPlatforms) = postSolution
		{1E5C3B6A-DEF1-4972-872A-8834C8B375A1}.Debug|Any CPU.ActiveCfg = Debug|Any CPU
		{1E5C3B6A-DEF1-4972-872A-8834C8B375A1}.Debug|Any CPU.Build.0 = Debug|Any CPU
		{1E5C3B6A-DEF1-4972-872A-8834C8B375A1}.Release|Any CPU.ActiveCfg = Release|Any CPU
		{1E5C3B6A-DEF1-4972-872A-8834C8B375A1}.Release|Any CPU.Build.0 = Release|Any CPU
	EndGlobalSection
	GlobalSection(SolutionProperties) = preSolution
		HideSolutionNode = FALSE
	EndGlobalSection
	GlobalSection(NestedProjects) = preSolution
		{1E5C3B6A-DEF1-4972-872A-8834C8B375A1} = {FCB5DF1E-5F2A-4F2A-8A31-4B8DE9CE686C}
	EndGlobalSection
	GlobalSection(ExtensibilityGlobals) = postSolution
		SolutionGuid = {38825389-6CBC-485B-9E9C-D5249DF61831}
	EndGlobalSection
EndGlobal
